// !$*UTF8*$!
{
	archiveVersion = 1;
	classes = {
	};
	objectVersion = 56;
	objects = {

/* Begin PBXBuildFile section */
		F88F539F2B9236490080A7B8 /* PuzzleTileApp.swift in Sources */ = {isa = PBXBuildFile; fileRef = F88F539E2B9236490080A7B8 /* PuzzleTileApp.swift */; };
		F88F53A12B9236490080A7B8 /* ContentView.swift in Sources */ = {isa = PBXBuildFile; fileRef = F88F53A02B9236490080A7B8 /* ContentView.swift */; };
		F88F53A32B92364E0080A7B8 /* Assets.xcassets in Resources */ = {isa = PBXBuildFile; fileRef = F88F53A22B92364E0080A7B8 /* Assets.xcassets */; };
		F88F53A62B92364E0080A7B8 /* Preview Assets.xcassets in Resources */ = {isa = PBXBuildFile; fileRef = F88F53A52B92364E0080A7B8 /* Preview Assets.xcassets */; };
		F88F53B02B92364E0080A7B8 /* PuzzleTileTests.swift in Sources */ = {isa = PBXBuildFile; fileRef = F88F53AF2B92364E0080A7B8 /* PuzzleTileTests.swift */; };
		F88F53BA2B92364E0080A7B8 /* PuzzleTileUITests.swift in Sources */ = {isa = PBXBuildFile; fileRef = F88F53B92B92364E0080A7B8 /* PuzzleTileUITests.swift */; };
		F88F53BC2B92364E0080A7B8 /* PuzzleTileUITestsLaunchTests.swift in Sources */ = {isa = PBXBuildFile; fileRef = F88F53BB2B92364E0080A7B8 /* PuzzleTileUITestsLaunchTests.swift */; };
/* End PBXBuildFile section */

/* Begin PBXContainerItemProxy section */
		F88F53AC2B92364E0080A7B8 /* PBXContainerItemProxy */ = {
			isa = PBXContainerItemProxy;
			containerPortal = F88F53932B9236490080A7B8 /* Project object */;
			proxyType = 1;
			remoteGlobalIDString = F88F539A2B9236490080A7B8;
			remoteInfo = PuzzleTile;
		};
		F88F53B62B92364E0080A7B8 /* PBXContainerItemProxy */ = {
			isa = PBXContainerItemProxy;
			containerPortal = F88F53932B9236490080A7B8 /* Project object */;
			proxyType = 1;
			remoteGlobalIDString = F88F539A2B9236490080A7B8;
			remoteInfo = PuzzleTile;
		};
/* End PBXContainerItemProxy section */

/* Begin PBXFileReference section */
		F88F539B2B9236490080A7B8 /* PuzzleTile.app */ = {isa = PBXFileReference; explicitFileType = wrapper.application; includeInIndex = 0; path = PuzzleTile.app; sourceTree = BUILT_PRODUCTS_DIR; };
		F88F539E2B9236490080A7B8 /* PuzzleTileApp.swift */ = {isa = PBXFileReference; lastKnownFileType = sourcecode.swift; path = PuzzleTileApp.swift; sourceTree = "<group>"; };
		F88F53A02B9236490080A7B8 /* ContentView.swift */ = {isa = PBXFileReference; lastKnownFileType = sourcecode.swift; path = ContentView.swift; sourceTree = "<group>"; };
		F88F53A22B92364E0080A7B8 /* Assets.xcassets */ = {isa = PBXFileReference; lastKnownFileType = folder.assetcatalog; path = Assets.xcassets; sourceTree = "<group>"; };
		F88F53A52B92364E0080A7B8 /* Preview Assets.xcassets */ = {isa = PBXFileReference; lastKnownFileType = folder.assetcatalog; path = "Preview Assets.xcassets"; sourceTree = "<group>"; };
		F88F53AB2B92364E0080A7B8 /* PuzzleTileTests.xctest */ = {isa = PBXFileReference; explicitFileType = wrapper.cfbundle; includeInIndex = 0; path = PuzzleTileTests.xctest; sourceTree = BUILT_PRODUCTS_DIR; };
		F88F53AF2B92364E0080A7B8 /* PuzzleTileTests.swift */ = {isa = PBXFileReference; lastKnownFileType = sourcecode.swift; path = PuzzleTileTests.swift; sourceTree = "<group>"; };
		F88F53B52B92364E0080A7B8 /* PuzzleTileUITests.xctest */ = {isa = PBXFileReference; explicitFileType = wrapper.cfbundle; includeInIndex = 0; path = PuzzleTileUITests.xctest; sourceTree = BUILT_PRODUCTS_DIR; };
		F88F53B92B92364E0080A7B8 /* PuzzleTileUITests.swift */ = {isa = PBXFileReference; lastKnownFileType = sourcecode.swift; path = PuzzleTileUITests.swift; sourceTree = "<group>"; };
		F88F53BB2B92364E0080A7B8 /* PuzzleTileUITestsLaunchTests.swift */ = {isa = PBXFileReference; lastKnownFileType = sourcecode.swift; path = PuzzleTileUITestsLaunchTests.swift; sourceTree = "<group>"; };
/* End PBXFileReference section */

/* Begin PBXFrameworksBuildPhase section */
		F88F53982B9236490080A7B8 /* Frameworks */ = {
			isa = PBXFrameworksBuildPhase;
			buildActionMask = 2147483647;
			files = (
			);
			runOnlyForDeploymentPostprocessing = 0;
		};
		F88F53A82B92364E0080A7B8 /* Frameworks */ = {
			isa = PBXFrameworksBuildPhase;
			buildActionMask = 2147483647;
			files = (
			);
			runOnlyForDeploymentPostprocessing = 0;
		};
		F88F53B22B92364E0080A7B8 /* Frameworks */ = {
			isa = PBXFrameworksBuildPhase;
			buildActionMask = 2147483647;
			files = (
			);
			runOnlyForDeploymentPostprocessing = 0;
		};
/* End PBXFrameworksBuildPhase section */

/* Begin PBXGroup section */
		F88F53922B9236490080A7B8 = {
			isa = PBXGroup;
			children = (
				F88F539D2B9236490080A7B8 /* PuzzleTile */,
				F88F53AE2B92364E0080A7B8 /* PuzzleTileTests */,
				F88F53B82B92364E0080A7B8 /* PuzzleTileUITests */,
				F88F539C2B9236490080A7B8 /* Products */,
			);
			sourceTree = "<group>";
		};
		F88F539C2B9236490080A7B8 /* Products */ = {
			isa = PBXGroup;
			children = (
				F88F539B2B9236490080A7B8 /* PuzzleTile.app */,
				F88F53AB2B92364E0080A7B8 /* PuzzleTileTests.xctest */,
				F88F53B52B92364E0080A7B8 /* PuzzleTileUITests.xctest */,
			);
			name = Products;
			sourceTree = "<group>";
		};
		F88F539D2B9236490080A7B8 /* PuzzleTile */ = {
			isa = PBXGroup;
			children = (
				F88F539E2B9236490080A7B8 /* PuzzleTileApp.swift */,
				F88F53A02B9236490080A7B8 /* ContentView.swift */,
				F88F53A22B92364E0080A7B8 /* Assets.xcassets */,
				F88F53A42B92364E0080A7B8 /* Preview Content */,
			);
			path = PuzzleTile;
			sourceTree = "<group>";
		};
		F88F53A42B92364E0080A7B8 /* Preview Content */ = {
			isa = PBXGroup;
			children = (
				F88F53A52B92364E0080A7B8 /* Preview Assets.xcassets */,
			);
			path = "Preview Content";
			sourceTree = "<group>";
		};
		F88F53AE2B92364E0080A7B8 /* PuzzleTileTests */ = {
			isa = PBXGroup;
			children = (
				F88F53AF2B92364E0080A7B8 /* PuzzleTileTests.swift */,
			);
			path = PuzzleTileTests;
			sourceTree = "<group>";
		};
		F88F53B82B92364E0080A7B8 /* PuzzleTileUITests */ = {
			isa = PBXGroup;
			children = (
				F88F53B92B92364E0080A7B8 /* PuzzleTileUITests.swift */,
				F88F53BB2B92364E0080A7B8 /* PuzzleTileUITestsLaunchTests.swift */,
			);
			path = PuzzleTileUITests;
			sourceTree = "<group>";
		};
/* End PBXGroup section */

/* Begin PBXNativeTarget section */
		F88F539A2B9236490080A7B8 /* PuzzleTile */ = {
			isa = PBXNativeTarget;
			buildConfigurationList = F88F53BF2B92364E0080A7B8 /* Build configuration list for PBXNativeTarget "PuzzleTile" */;
			buildPhases = (
				F88F53972B9236490080A7B8 /* Sources */,
				F88F53982B9236490080A7B8 /* Frameworks */,
				F88F53992B9236490080A7B8 /* Resources */,
			);
			buildRules = (
			);
			dependencies = (
			);
			name = PuzzleTile;
			productName = PuzzleTile;
			productReference = F88F539B2B9236490080A7B8 /* PuzzleTile.app */;
			productType = "com.apple.product-type.application";
		};
		F88F53AA2B92364E0080A7B8 /* PuzzleTileTests */ = {
			isa = PBXNativeTarget;
			buildConfigurationList = F88F53C22B92364E0080A7B8 /* Build configuration list for PBXNativeTarget "PuzzleTileTests" */;
			buildPhases = (
				F88F53A72B92364E0080A7B8 /* Sources */,
				F88F53A82B92364E0080A7B8 /* Frameworks */,
				F88F53A92B92364E0080A7B8 /* Resources */,
			);
			buildRules = (
			);
			dependencies = (
				F88F53AD2B92364E0080A7B8 /* PBXTargetDependency */,
			);
			name = PuzzleTileTests;
			productName = PuzzleTileTests;
			productReference = F88F53AB2B92364E0080A7B8 /* PuzzleTileTests.xctest */;
			productType = "com.apple.product-type.bundle.unit-test";
		};
		F88F53B42B92364E0080A7B8 /* PuzzleTileUITests */ = {
			isa = PBXNativeTarget;
			buildConfigurationList = F88F53C52B92364E0080A7B8 /* Build configuration list for PBXNativeTarget "PuzzleTileUITests" */;
			buildPhases = (
				F88F53B12B92364E0080A7B8 /* Sources */,
				F88F53B22B92364E0080A7B8 /* Frameworks */,
				F88F53B32B92364E0080A7B8 /* Resources */,
			);
			buildRules = (
			);
			dependencies = (
				F88F53B72B92364E0080A7B8 /* PBXTargetDependency */,
			);
			name = PuzzleTileUITests;
			productName = PuzzleTileUITests;
			productReference = F88F53B52B92364E0080A7B8 /* PuzzleTileUITests.xctest */;
			productType = "com.apple.product-type.bundle.ui-testing";
		};
/* End PBXNativeTarget section */

/* Begin PBXProject section */
		F88F53932B9236490080A7B8 /* Project object */ = {
			isa = PBXProject;
			attributes = {
				BuildIndependentTargetsInParallel = 1;
				LastSwiftUpdateCheck = 1500;
				LastUpgradeCheck = 1500;
				TargetAttributes = {
					F88F539A2B9236490080A7B8 = {
						CreatedOnToolsVersion = 15.0;
					};
					F88F53AA2B92364E0080A7B8 = {
						CreatedOnToolsVersion = 15.0;
						TestTargetID = F88F539A2B9236490080A7B8;
					};
					F88F53B42B92364E0080A7B8 = {
						CreatedOnToolsVersion = 15.0;
						TestTargetID = F88F539A2B9236490080A7B8;
					};
				};
			};
			buildConfigurationList = F88F53962B9236490080A7B8 /* Build configuration list for PBXProject "PuzzleTile" */;
			compatibilityVersion = "Xcode 14.0";
			developmentRegion = en;
			hasScannedForEncodings = 0;
			knownRegions = (
				en,
				Base,
			);
			mainGroup = F88F53922B9236490080A7B8;
			productRefGroup = F88F539C2B9236490080A7B8 /* Products */;
			projectDirPath = "";
			projectRoot = "";
			targets = (
				F88F539A2B9236490080A7B8 /* PuzzleTile */,
				F88F53AA2B92364E0080A7B8 /* PuzzleTileTests */,
				F88F53B42B92364E0080A7B8 /* PuzzleTileUITests */,
			);
		};
/* End PBXProject section */

/* Begin PBXResourcesBuildPhase section */
		F88F53992B9236490080A7B8 /* Resources */ = {
			isa = PBXResourcesBuildPhase;
			buildActionMask = 2147483647;
			files = (
				F88F53A62B92364E0080A7B8 /* Preview Assets.xcassets in Resources */,
				F88F53A32B92364E0080A7B8 /* Assets.xcassets in Resources */,
			);
			runOnlyForDeploymentPostprocessing = 0;
		};
		F88F53A92B92364E0080A7B8 /* Resources */ = {
			isa = PBXResourcesBuildPhase;
			buildActionMask = 2147483647;
			files = (
			);
			runOnlyForDeploymentPostprocessing = 0;
		};
		F88F53B32B92364E0080A7B8 /* Resources */ = {
			isa = PBXResourcesBuildPhase;
			buildActionMask = 2147483647;
			files = (
			);
			runOnlyForDeploymentPostprocessing = 0;
		};
/* End PBXResourcesBuildPhase section */

/* Begin PBXSourcesBuildPhase section */
		F88F53972B9236490080A7B8 /* Sources */ = {
			isa = PBXSourcesBuildPhase;
			buildActionMask = 2147483647;
			files = (
				F88F53A12B9236490080A7B8 /* ContentView.swift in Sources */,
				F88F539F2B9236490080A7B8 /* PuzzleTileApp.swift in Sources */,
			);
			runOnlyForDeploymentPostprocessing = 0;
		};
		F88F53A72B92364E0080A7B8 /* Sources */ = {
			isa = PBXSourcesBuildPhase;
			buildActionMask = 2147483647;
			files = (
				F88F53B02B92364E0080A7B8 /* PuzzleTileTests.swift in Sources */,
			);
			runOnlyForDeploymentPostprocessing = 0;
		};
		F88F53B12B92364E0080A7B8 /* Sources */ = {
			isa = PBXSourcesBuildPhase;
			buildActionMask = 2147483647;
			files = (
				F88F53BC2B92364E0080A7B8 /* PuzzleTileUITestsLaunchTests.swift in Sources */,
				F88F53BA2B92364E0080A7B8 /* PuzzleTileUITests.swift in Sources */,
			);
			runOnlyForDeploymentPostprocessing = 0;
		};
/* End PBXSourcesBuildPhase section */

/* Begin PBXTargetDependency section */
		F88F53AD2B92364E0080A7B8 /* PBXTargetDependency */ = {
			isa = PBXTargetDependency;
			target = F88F539A2B9236490080A7B8 /* PuzzleTile */;
			targetProxy = F88F53AC2B92364E0080A7B8 /* PBXContainerItemProxy */;
		};
		F88F53B72B92364E0080A7B8 /* PBXTargetDependency */ = {
			isa = PBXTargetDependency;
			target = F88F539A2B9236490080A7B8 /* PuzzleTile */;
			targetProxy = F88F53B62B92364E0080A7B8 /* PBXContainerItemProxy */;
		};
/* End PBXTargetDependency section */

/* Begin XCBuildConfiguration section */
		F88F53BD2B92364E0080A7B8 /* Debug */ = {
			isa = XCBuildConfiguration;
			buildSettings = {
				ALWAYS_SEARCH_USER_PATHS = NO;
				ASSETCATALOG_COMPILER_GENERATE_SWIFT_ASSET_SYMBOL_EXTENSIONS = YES;
				CLANG_ANALYZER_NONNULL = YES;
				CLANG_ANALYZER_NUMBER_OBJECT_CONVERSION = YES_AGGRESSIVE;
				CLANG_CXX_LANGUAGE_STANDARD = "gnu++20";
				CLANG_ENABLE_MODULES = YES;
				CLANG_ENABLE_OBJC_ARC = YES;
				CLANG_ENABLE_OBJC_WEAK = YES;
				CLANG_WARN_BLOCK_CAPTURE_AUTORELEASING = YES;
				CLANG_WARN_BOOL_CONVERSION = YES;
				CLANG_WARN_COMMA = YES;
				CLANG_WARN_CONSTANT_CONVERSION = YES;
				CLANG_WARN_DEPRECATED_OBJC_IMPLEMENTATIONS = YES;
				CLANG_WARN_DIRECT_OBJC_ISA_USAGE = YES_ERROR;
				CLANG_WARN_DOCUMENTATION_COMMENTS = YES;
				CLANG_WARN_EMPTY_BODY = YES;
				CLANG_WARN_ENUM_CONVERSION = YES;
				CLANG_WARN_INFINITE_RECURSION = YES;
				CLANG_WARN_INT_CONVERSION = YES;
				CLANG_WARN_NON_LITERAL_NULL_CONVERSION = YES;
				CLANG_WARN_OBJC_IMPLICIT_RETAIN_SELF = YES;
				CLANG_WARN_OBJC_LITERAL_CONVERSION = YES;
				CLANG_WARN_OBJC_ROOT_CLASS = YES_ERROR;
				CLANG_WARN_QUOTED_INCLUDE_IN_FRAMEWORK_HEADER = YES;
				CLANG_WARN_RANGE_LOOP_ANALYSIS = YES;
				CLANG_WARN_STRICT_PROTOTYPES = YES;
				CLANG_WARN_SUSPICIOUS_MOVE = YES;
				CLANG_WARN_UNGUARDED_AVAILABILITY = YES_AGGRESSIVE;
				CLANG_WARN_UNREACHABLE_CODE = YES;
				CLANG_WARN__DUPLICATE_METHOD_MATCH = YES;
				COPY_PHASE_STRIP = NO;
				DEBUG_INFORMATION_FORMAT = dwarf;
				ENABLE_STRICT_OBJC_MSGSEND = YES;
				ENABLE_TESTABILITY = YES;
				ENABLE_USER_SCRIPT_SANDBOXING = YES;
				GCC_C_LANGUAGE_STANDARD = gnu17;
				GCC_DYNAMIC_NO_PIC = NO;
				GCC_NO_COMMON_BLOCKS = YES;
				GCC_OPTIMIZATION_LEVEL = 0;
				GCC_PREPROCESSOR_DEFINITIONS = (
					"DEBUG=1",
					"$(inherited)",
				);
				GCC_WARN_64_TO_32_BIT_CONVERSION = YES;
				GCC_WARN_ABOUT_RETURN_TYPE = YES_ERROR;
				GCC_WARN_UNDECLARED_SELECTOR = YES;
				GCC_WARN_UNINITIALIZED_AUTOS = YES_AGGRESSIVE;
				GCC_WARN_UNUSED_FUNCTION = YES;
				GCC_WARN_UNUSED_VARIABLE = YES;
				IPHONEOS_DEPLOYMENT_TARGET = 17.0;
				LOCALIZATION_PREFERS_STRING_CATALOGS = YES;
				MTL_ENABLE_DEBUG_INFO = INCLUDE_SOURCE;
				MTL_FAST_MATH = YES;
				ONLY_ACTIVE_ARCH = YES;
				SDKROOT = iphoneos;
				SWIFT_ACTIVE_COMPILATION_CONDITIONS = "DEBUG $(inherited)";
				SWIFT_OPTIMIZATION_LEVEL = "-Onone";
			};
			name = Debug;
		};
		F88F53BE2B92364E0080A7B8 /* Release */ = {
			isa = XCBuildConfiguration;
			buildSettings = {
				ALWAYS_SEARCH_USER_PATHS = NO;
				ASSETCATALOG_COMPILER_GENERATE_SWIFT_ASSET_SYMBOL_EXTENSIONS = YES;
				CLANG_ANALYZER_NONNULL = YES;
				CLANG_ANALYZER_NUMBER_OBJECT_CONVERSION = YES_AGGRESSIVE;
				CLANG_CXX_LANGUAGE_STANDARD = "gnu++20";
				CLANG_ENABLE_MODULES = YES;
				CLANG_ENABLE_OBJC_ARC = YES;
				CLANG_ENABLE_OBJC_WEAK = YES;
				CLANG_WARN_BLOCK_CAPTURE_AUTORELEASING = YES;
				CLANG_WARN_BOOL_CONVERSION = YES;
				CLANG_WARN_COMMA = YES;
				CLANG_WARN_CONSTANT_CONVERSION = YES;
				CLANG_WARN_DEPRECATED_OBJC_IMPLEMENTATIONS = YES;
				CLANG_WARN_DIRECT_OBJC_ISA_USAGE = YES_ERROR;
				CLANG_WARN_DOCUMENTATION_COMMENTS = YES;
				CLANG_WARN_EMPTY_BODY = YES;
				CLANG_WARN_ENUM_CONVERSION = YES;
				CLANG_WARN_INFINITE_RECURSION = YES;
				CLANG_WARN_INT_CONVERSION = YES;
				CLANG_WARN_NON_LITERAL_NULL_CONVERSION = YES;
				CLANG_WARN_OBJC_IMPLICIT_RETAIN_SELF = YES;
				CLANG_WARN_OBJC_LITERAL_CONVERSION = YES;
				CLANG_WARN_OBJC_ROOT_CLASS = YES_ERROR;
				CLANG_WARN_QUOTED_INCLUDE_IN_FRAMEWORK_HEADER = YES;
				CLANG_WARN_RANGE_LOOP_ANALYSIS = YES;
				CLANG_WARN_STRICT_PROTOTYPES = YES;
				CLANG_WARN_SUSPICIOUS_MOVE = YES;
				CLANG_WARN_UNGUARDED_AVAILABILITY = YES_AGGRESSIVE;
				CLANG_WARN_UNREACHABLE_CODE = YES;
				CLANG_WARN__DUPLICATE_METHOD_MATCH = YES;
				COPY_PHASE_STRIP = NO;
				DEBUG_INFORMATION_FORMAT = "dwarf-with-dsym";
				ENABLE_NS_ASSERTIONS = NO;
				ENABLE_STRICT_OBJC_MSGSEND = YES;
				ENABLE_USER_SCRIPT_SANDBOXING = YES;
				GCC_C_LANGUAGE_STANDARD = gnu17;
				GCC_NO_COMMON_BLOCKS = YES;
				GCC_WARN_64_TO_32_BIT_CONVERSION = YES;
				GCC_WARN_ABOUT_RETURN_TYPE = YES_ERROR;
				GCC_WARN_UNDECLARED_SELECTOR = YES;
				GCC_WARN_UNINITIALIZED_AUTOS = YES_AGGRESSIVE;
				GCC_WARN_UNUSED_FUNCTION = YES;
				GCC_WARN_UNUSED_VARIABLE = YES;
				IPHONEOS_DEPLOYMENT_TARGET = 17.0;
				LOCALIZATION_PREFERS_STRING_CATALOGS = YES;
				MTL_ENABLE_DEBUG_INFO = NO;
				MTL_FAST_MATH = YES;
				SDKROOT = iphoneos;
				SWIFT_COMPILATION_MODE = wholemodule;
				VALIDATE_PRODUCT = YES;
			};
			name = Release;
		};
		F88F53C02B92364E0080A7B8 /* Debug */ = {
			isa = XCBuildConfiguration;
			buildSettings = {
				ASSETCATALOG_COMPILER_APPICON_NAME = AppIcon;
				ASSETCATALOG_COMPILER_GLOBAL_ACCENT_COLOR_NAME = AccentColor;
				CODE_SIGN_STYLE = Automatic;
				CURRENT_PROJECT_VERSION = 1;
				DEVELOPMENT_ASSET_PATHS = "\"PuzzleTile/Preview Content\"";
				DEVELOPMENT_TEAM = 7RD8ZC5ZY7;
				ENABLE_PREVIEWS = YES;
				GENERATE_INFOPLIST_FILE = YES;
				INFOPLIST_KEY_UIApplicationSceneManifest_Generation = YES;
				INFOPLIST_KEY_UIApplicationSupportsIndirectInputEvents = YES;
				INFOPLIST_KEY_UILaunchScreen_Generation = YES;
				INFOPLIST_KEY_UISupportedInterfaceOrientations_iPad = "UIInterfaceOrientationPortrait UIInterfaceOrientationPortraitUpsideDown UIInterfaceOrientationLandscapeLeft UIInterfaceOrientationLandscapeRight";
				INFOPLIST_KEY_UISupportedInterfaceOrientations_iPhone = "UIInterfaceOrientationPortrait UIInterfaceOrientationLandscapeLeft UIInterfaceOrientationLandscapeRight";
				LD_RUNPATH_SEARCH_PATHS = (
					"$(inherited)",
					"@executable_path/Frameworks",
				);
				MARKETING_VERSION = 1.0;
				PRODUCT_BUNDLE_IDENTIFIER = com.matiasmontenegro.PuzzleTile;
				PRODUCT_NAME = "$(TARGET_NAME)";
				SWIFT_EMIT_LOC_STRINGS = YES;
				SWIFT_VERSION = 5.0;
				TARGETED_DEVICE_FAMILY = "1,2";
			};
			name = Debug;
		};
		F88F53C12B92364E0080A7B8 /* Release */ = {
			isa = XCBuildConfiguration;
			buildSettings = {
				ASSETCATALOG_COMPILER_APPICON_NAME = AppIcon;
				ASSETCATALOG_COMPILER_GLOBAL_ACCENT_COLOR_NAME = AccentColor;
				CODE_SIGN_STYLE = Automatic;
				CURRENT_PROJECT_VERSION = 1;
				DEVELOPMENT_ASSET_PATHS = "\"PuzzleTile/Preview Content\"";
				DEVELOPMENT_TEAM = 7RD8ZC5ZY7;
				ENABLE_PREVIEWS = YES;
				GENERATE_INFOPLIST_FILE = YES;
				INFOPLIST_KEY_UIApplicationSceneManifest_Generation = YES;
				INFOPLIST_KEY_UIApplicationSupportsIndirectInputEvents = YES;
				INFOPLIST_KEY_UILaunchScreen_Generation = YES;
				INFOPLIST_KEY_UISupportedInterfaceOrientations_iPad = "UIInterfaceOrientationPortrait UIInterfaceOrientationPortraitUpsideDown UIInterfaceOrientationLandscapeLeft UIInterfaceOrientationLandscapeRight";
				INFOPLIST_KEY_UISupportedInterfaceOrientations_iPhone = "UIInterfaceOrientationPortrait UIInterfaceOrientationLandscapeLeft UIInterfaceOrientationLandscapeRight";
				LD_RUNPATH_SEARCH_PATHS = (
					"$(inherited)",
					"@executable_path/Frameworks",
				);
				MARKETING_VERSION = 1.0;
				PRODUCT_BUNDLE_IDENTIFIER = com.matiasmontenegro.PuzzleTile;
				PRODUCT_NAME = "$(TARGET_NAME)";
				SWIFT_EMIT_LOC_STRINGS = YES;
				SWIFT_VERSION = 5.0;
				TARGETED_DEVICE_FAMILY = "1,2";
			};
			name = Release;
		};
		F88F53C32B92364E0080A7B8 /* Debug */ = {
			isa = XCBuildConfiguration;
			buildSettings = {
				ALWAYS_EMBED_SWIFT_STANDARD_LIBRARIES = YES;
				BUNDLE_LOADER = "$(TEST_HOST)";
				CODE_SIGN_STYLE = Automatic;
				CURRENT_PROJECT_VERSION = 1;
				DEVELOPMENT_TEAM = 7RD8ZC5ZY7;
				GENERATE_INFOPLIST_FILE = YES;
				IPHONEOS_DEPLOYMENT_TARGET = 17.0;
				MARKETING_VERSION = 1.0;
				PRODUCT_BUNDLE_IDENTIFIER = com.matiasmontenegro.PuzzleTileTests;
				PRODUCT_NAME = "$(TARGET_NAME)";
				SWIFT_EMIT_LOC_STRINGS = NO;
				SWIFT_VERSION = 5.0;
				TARGETED_DEVICE_FAMILY = "1,2";
				TEST_HOST = "$(BUILT_PRODUCTS_DIR)/PuzzleTile.app/$(BUNDLE_EXECUTABLE_FOLDER_PATH)/PuzzleTile";
			};
			name = Debug;
		};
		F88F53C42B92364E0080A7B8 /* Release */ = {
			isa = XCBuildConfiguration;
			buildSettings = {
				ALWAYS_EMBED_SWIFT_STANDARD_LIBRARIES = YES;
				BUNDLE_LOADER = "$(TEST_HOST)";
				CODE_SIGN_STYLE = Automatic;
				CURRENT_PROJECT_VERSION = 1;
				DEVELOPMENT_TEAM = 7RD8ZC5ZY7;
				GENERATE_INFOPLIST_FILE = YES;
				IPHONEOS_DEPLOYMENT_TARGET = 17.0;
				MARKETING_VERSION = 1.0;
				PRODUCT_BUNDLE_IDENTIFIER = com.matiasmontenegro.PuzzleTileTests;
				PRODUCT_NAME = "$(TARGET_NAME)";
				SWIFT_EMIT_LOC_STRINGS = NO;
				SWIFT_VERSION = 5.0;
				TARGETED_DEVICE_FAMILY = "1,2";
				TEST_HOST = "$(BUILT_PRODUCTS_DIR)/PuzzleTile.app/$(BUNDLE_EXECUTABLE_FOLDER_PATH)/PuzzleTile";
			};
			name = Release;
		};
		F88F53C62B92364E0080A7B8 /* Debug */ = {
			isa = XCBuildConfiguration;
			buildSettings = {
				ALWAYS_EMBED_SWIFT_STANDARD_LIBRARIES = YES;
				CODE_SIGN_STYLE = Automatic;
				CURRENT_PROJECT_VERSION = 1;
				DEVELOPMENT_TEAM = 7RD8ZC5ZY7;
				GENERATE_INFOPLIST_FILE = YES;
				MARKETING_VERSION = 1.0;
				PRODUCT_BUNDLE_IDENTIFIER = com.matiasmontenegro.PuzzleTileUITests;
				PRODUCT_NAME = "$(TARGET_NAME)";
				SWIFT_EMIT_LOC_STRINGS = NO;
				SWIFT_VERSION = 5.0;
				TARGETED_DEVICE_FAMILY = "1,2";
				TEST_TARGET_NAME = PuzzleTile;
			};
			name = Debug;
		};
		F88F53C72B92364E0080A7B8 /* Release */ = {
			isa = XCBuildConfiguration;
			buildSettings = {
				ALWAYS_EMBED_SWIFT_STANDARD_LIBRARIES = YES;
				CODE_SIGN_STYLE = Automatic;
				CURRENT_PROJECT_VERSION = 1;
				DEVELOPMENT_TEAM = 7RD8ZC5ZY7;
				GENERATE_INFOPLIST_FILE = YES;
				MARKETING_VERSION = 1.0;
				PRODUCT_BUNDLE_IDENTIFIER = com.matiasmontenegro.PuzzleTileUITests;
				PRODUCT_NAME = "$(TARGET_NAME)";
				SWIFT_EMIT_LOC_STRINGS = NO;
				SWIFT_VERSION = 5.0;
				TARGETED_DEVICE_FAMILY = "1,2";
				TEST_TARGET_NAME = PuzzleTile;
			};
			name = Release;
		};
/* End XCBuildConfiguration section */

/* Begin XCConfigurationList section */
		F88F53962B9236490080A7B8 /* Build configuration list for PBXProject "PuzzleTile" */ = {
			isa = XCConfigurationList;
			buildConfigurations = (
				F88F53BD2B92364E0080A7B8 /* Debug */,
				F88F53BE2B92364E0080A7B8 /* Release */,
			);
			defaultConfigurationIsVisible = 0;
			defaultConfigurationName = Release;
		};
		F88F53BF2B92364E0080A7B8 /* Build configuration list for PBXNativeTarget "PuzzleTile" */ = {
			isa = XCConfigurationList;
			buildConfigurations = (
				F88F53C02B92364E0080A7B8 /* Debug */,
				F88F53C12B92364E0080A7B8 /* Release */,
			);
			defaultConfigurationIsVisible = 0;
			defaultConfigurationName = Release;
		};
		F88F53C22B92364E0080A7B8 /* Build configuration list for PBXNativeTarget "PuzzleTileTests" */ = {
			isa = XCConfigurationList;
			buildConfigurations = (
				F88F53C32B92364E0080A7B8 /* Debug */,
				F88F53C42B92364E0080A7B8 /* Release */,
			);
			defaultConfigurationIsVisible = 0;
			defaultConfigurationName = Release;
		};
		F88F53C52B92364E0080A7B8 /* Build configuration list for PBXNativeTarget "PuzzleTileUITests" */ = {
			isa = XCConfigurationList;
			buildConfigurations = (
				F88F53C62B92364E0080A7B8 /* Debug */,
				F88F53C72B92364E0080A7B8 /* Release */,
			);
			defaultConfigurationIsVisible = 0;
			defaultConfigurationName = Release;
		};
/* End XCConfigurationList section */
	};
	rootObject = F88F53932B9236490080A7B8 /* Project object */;
}
